
Microsoft Visual Studio Solution File, Format Version 12.00
# Visual Studio Version 16
VisualStudioVersion = 16.0.30907.101
MinimumVisualStudioVersion = 10.0.40219.1
Project("{FAE04EC0-301F-11D3-BF4B-00C04F79EFBC}") = "GameDemoo", "GameDemoo\GameDemoo.csproj", "{5444380F-91FA-4C02-9B2F-85B2AB859294}"
EndProject
Global
	GlobalSection(SolutionConfigurationPlatforms) = preSolution
		Debug|Any CPU = Debug|Any CPU
		Release|Any CPU = Release|Any CPU
	EndGlobalSection
	GlobalSection(ProjectConfigurationPlatforms) = postSolution
		{5444380F-91FA-4C02-9B2F-85B2AB859294}.Debug|Any CPU.ActiveCfg = Debug|Any CPU
		{5444380F-91FA-4C02-9B2F-85B2AB859294}.Debug|Any CPU.Build.0 = Debug|Any CPU
		{5444380F-91FA-4C02-9B2F-85B2AB859294}.Release|Any CPU.ActiveCfg = Release|Any CPU
		{5444380F-91FA-4C02-9B2F-85B2AB859294}.Release|Any CPU.Build.0 = Release|Any CPU
	EndGlobalSection
	GlobalSection(SolutionProperties) = preSolution
		HideSolutionNode = FALSE
	EndGlobalSection
	GlobalSection(ExtensibilityGlobals) = postSolution
		SolutionGuid = {EF5FE02C-5504-4604-BB95-347EE9A32164}
	EndGlobalSection
EndGlobal
